{
  "requires": true,
  "lockfileVersion": 1,
  "dependencies": {
    "@projectstorm/geometry": {
      "version": "6.2.0",
      "resolved": "https://registry.npmjs.org/@projectstorm/geometry/-/geometry-6.2.0.tgz",
      "integrity": "sha512-Bu7PRdIQAbrqxTrIqGpAIgqvwGpnZSd+jqu3Dv6XvhuE8+WIZVgUBty/eTYo62Ohnc1/chjXH6EtEdgfnj9aRw=="
    },
    "@projectstorm/react-canvas-core": {
      "version": "6.2.0",
      "resolved": "https://registry.npmjs.org/@projectstorm/react-canvas-core/-/react-canvas-core-6.2.0.tgz",
      "integrity": "sha512-GxypohDe86O+4DtHi2joGaDuoP7L8l4ppe/1987JhcPM+RmFZw4FJzNVg7kUVIPvQDMBhebXwywDGEz85uluMQ==",
      "requires": {
        "@projectstorm/geometry": "^6.2.0"
      }
    },
    "@projectstorm/react-diagrams": {
      "version": "6.0.1-beta.7",
      "resolved": "https://registry.npmjs.org/@projectstorm/react-diagrams/-/react-diagrams-6.0.1-beta.7.tgz",
      "integrity": "sha512-aEQuRyNtzrlc6TNVji5Zme9fJkOcnCdiskPFXF14c0b9MJO4cz8yUrGZh0/MjsSH8pQl1sB71mnGFLQ20aAHmQ==",
      "requires": {
        "@projectstorm/react-diagrams-core": "^6.0.1-beta.7",
        "@projectstorm/react-diagrams-defaults": "^6.0.1-beta.7",
        "@projectstorm/react-diagrams-routing": "^6.0.1-beta.7"
      }
    },
    "@projectstorm/react-diagrams-core": {
      "version": "6.2.0",
      "resolved": "https://registry.npmjs.org/@projectstorm/react-diagrams-core/-/react-diagrams-core-6.2.0.tgz",
      "integrity": "sha512-Vkjt2dUJK+aoS0ZXc7TqRPV0wXaPEe5CsEhXUK3CqBXyvVBE1/iN1qec36uKNWxpdG3OB/PBd1X1fQq64C4J3g==",
      "requires": {
        "@projectstorm/geometry": "^6.2.0",
        "@projectstorm/react-canvas-core": "^6.2.0"
      }
    },
    "@projectstorm/react-diagrams-defaults": {
      "version": "6.2.0",
      "resolved": "https://registry.npmjs.org/@projectstorm/react-diagrams-defaults/-/react-diagrams-defaults-6.2.0.tgz",
      "integrity": "sha512-kD4+S8oh/7hzgGEyQqC6mYupr2YM/3y2CJJcHff9IBubt+V2DJndvll3UJOA+sy5VXZl82mvOpz5nLjMQB142w==",
      "requires": {
        "@projectstorm/react-diagrams-core": "^6.2.0"
      }
    },
    "@projectstorm/react-diagrams-routing": {
      "version": "6.2.0",
      "resolved": "https://registry.npmjs.org/@projectstorm/react-diagrams-routing/-/react-diagrams-routing-6.2.0.tgz",
      "integrity": "sha512-+VnhCarWA6TPt5THIlEX1lOgHI+6MNjvSxSE8K06/iPeYhcVa9XcyX9fCthUBBzOYU1hie36o/jXBPri/sambA==",
      "requires": {
        "@projectstorm/geometry": "^6.2.0",
        "@projectstorm/react-diagrams-core": "^6.2.0",
        "@projectstorm/react-diagrams-defaults": "^6.2.0"
      }
    },
    "@types/node": {
      "version": "14.0.19",
      "resolved": "https://registry.npmjs.org/@types/node/-/node-14.0.19.tgz",
      "integrity": "sha512-yf3BP/NIXF37BjrK5klu//asUWitOEoUP5xE1mhSUjazotwJ/eJDgEmMQNlOeWOVv72j24QQ+3bqXHE++CFGag=="
    }
  }
}
